
Microsoft Visual Studio Solution File, Format Version 12.00
# Visual Studio Version 17
VisualStudioVersion = 17.4.33110.190
MinimumVisualStudioVersion = 10.0.40219.1
Project("{8BC9CEB8-8B4A-11D0-8D11-00A0C91BC942}") = "30-11-2022_PProyecto2_Historia-narrada", "30-11-2022_PProyecto2_Historia-narrada\30-11-2022_PProyecto2_Historia-narrada.vcxproj", "{D15A6CBC-C65C-4636-ADE4-C1C37937E8BB}"
EndProject
Global
	GlobalSection(SolutionConfigurationPlatforms) = preSolution
		Debug|x64 = Debug|x64
		Debug|x86 = Debug|x86
		Release|x64 = Release|x64
		Release|x86 = Release|x86
	EndGlobalSection
	GlobalSection(ProjectConfigurationPlatforms) = postSolution
		{D15A6CBC-C65C-4636-ADE4-C1C37937E8BB}.Debug|x64.ActiveCfg = Debug|x64
		{D15A6CBC-C65C-4636-ADE4-C1C37937E8BB}.Debug|x64.Build.0 = Debug|x64
		{D15A6CBC-C65C-4636-ADE4-C1C37937E8BB}.Debug|x86.ActiveCfg = Debug|Win32
		{D15A6CBC-C65C-4636-ADE4-C1C37937E8BB}.Debug|x86.Build.0 = Debug|Win32
		{D15A6CBC-C65C-4636-ADE4-C1C37937E8BB}.Release|x64.ActiveCfg = Release|x64
		{D15A6CBC-C65C-4636-ADE4-C1C37937E8BB}.Release|x64.Build.0 = Release|x64
		{D15A6CBC-C65C-4636-ADE4-C1C37937E8BB}.Release|x86.ActiveCfg = Release|Win32
		{D15A6CBC-C65C-4636-ADE4-C1C37937E8BB}.Release|x86.Build.0 = Release|Win32
	EndGlobalSection
	GlobalSection(SolutionProperties) = preSolution
		HideSolutionNode = FALSE
	EndGlobalSection
	GlobalSection(ExtensibilityGlobals) = postSolution
		SolutionGuid = {A376F72F-0B6B-434B-B069-D3C788DED6C3}
	EndGlobalSection
EndGlobal
